{
  "name": "ajs-platforms",
  "version": "1.0.0",
  "lockfileVersion": 1,
  "requires": true,
  "dependencies": {
    "@qvvverty/ajs": {
      "version": "1.0.0",
      "resolved": "https://npm.pkg.github.com/download/@qvvverty/ajs/1.0.0/3ba63757b7cd6010505cc3d4dc38785185d7b2cb630ec8810652c82472cd8e5c",
      "integrity": "sha512-Fq9Dpk9/CJCgF71AXYlkeW7dvZcSmQm4jdAnEjBzN9UHkgCsxzJwQmnh7UWtVMKVGidPVOQYeKmG3IT6TsGzdA=="
    }
  }
}
